
Microsoft Visual Studio Solution File, Format Version 12.00
# Visual Studio Version 16
VisualStudioVersion = 16.0.30621.155
MinimumVisualStudioVersion = 10.0.40219.1
Project("{FAE04EC0-301F-11D3-BF4B-00C04F79EFBC}") = "TwitchDev.BlazorServer", "TwitchDev.BlazorServer\TwitchDev.BlazorServer.csproj", "{328AC0AD-6C52-4FEE-A9AA-B4622C7367A0}"
EndProject
Project("{FAE04EC0-301F-11D3-BF4B-00C04F79EFBC}") = "TwitchDev.TwitchBot", "TwitchDev.TwitchBot\TwitchDev.TwitchBot.csproj", "{823D8093-223A-41CE-B3EE-A5DEC252149B}"
EndProject
Global
	GlobalSection(SolutionConfigurationPlatforms) = preSolution
		Debug|Any CPU = Debug|Any CPU
		Release|Any CPU = Release|Any CPU
	EndGlobalSection
	GlobalSection(ProjectConfigurationPlatforms) = postSolution
		{328AC0AD-6C52-4FEE-A9AA-B4622C7367A0}.Debug|Any CPU.ActiveCfg = Debug|Any CPU
		{328AC0AD-6C52-4FEE-A9AA-B4622C7367A0}.Debug|Any CPU.Build.0 = Debug|Any CPU
		{328AC0AD-6C52-4FEE-A9AA-B4622C7367A0}.Release|Any CPU.ActiveCfg = Release|Any CPU
		{328AC0AD-6C52-4FEE-A9AA-B4622C7367A0}.Release|Any CPU.Build.0 = Release|Any CPU
		{823D8093-223A-41CE-B3EE-A5DEC252149B}.Debug|Any CPU.ActiveCfg = Debug|Any CPU
		{823D8093-223A-41CE-B3EE-A5DEC252149B}.Debug|Any CPU.Build.0 = Debug|Any CPU
		{823D8093-223A-41CE-B3EE-A5DEC252149B}.Release|Any CPU.ActiveCfg = Release|Any CPU
		{823D8093-223A-41CE-B3EE-A5DEC252149B}.Release|Any CPU.Build.0 = Release|Any CPU
	EndGlobalSection
	GlobalSection(SolutionProperties) = preSolution
		HideSolutionNode = FALSE
	EndGlobalSection
	GlobalSection(ExtensibilityGlobals) = postSolution
		SolutionGuid = {FE6F561E-377D-427B-BE39-DAD97D96A363}
	EndGlobalSection
EndGlobal
